
Microsoft Visual Studio Solution File, Format Version 12.00
# Visual Studio Version 17
VisualStudioVersion = 17.14.36811.4 d17.14
MinimumVisualStudioVersion = 10.0.40219.1
Project("{00D1A9C2-B5F0-4AF3-8072-F6C62B433612}") = "Quantum_Staging", "Quantum_Staging.sqlproj", "{C7B4FCDC-95DE-48F8-B266-A8DDA3B31272}"
EndProject
Global
	GlobalSection(SolutionConfigurationPlatforms) = preSolution
		Debug|Any CPU = Debug|Any CPU
		Release|Any CPU = Release|Any CPU
	EndGlobalSection
	GlobalSection(ProjectConfigurationPlatforms) = postSolution
		{C7B4FCDC-95DE-48F8-B266-A8DDA3B31272}.Debug|Any CPU.ActiveCfg = Debug|Any CPU
		{C7B4FCDC-95DE-48F8-B266-A8DDA3B31272}.Debug|Any CPU.Build.0 = Debug|Any CPU
		{C7B4FCDC-95DE-48F8-B266-A8DDA3B31272}.Debug|Any CPU.Deploy.0 = Debug|Any CPU
		{C7B4FCDC-95DE-48F8-B266-A8DDA3B31272}.Release|Any CPU.ActiveCfg = Release|Any CPU
		{C7B4FCDC-95DE-48F8-B266-A8DDA3B31272}.Release|Any CPU.Build.0 = Release|Any CPU
		{C7B4FCDC-95DE-48F8-B266-A8DDA3B31272}.Release|Any CPU.Deploy.0 = Release|Any CPU
	EndGlobalSection
	GlobalSection(SolutionProperties) = preSolution
		HideSolutionNode = FALSE
	EndGlobalSection
	GlobalSection(ExtensibilityGlobals) = postSolution
		SolutionGuid = {454F7709-B180-4E84-BA4A-01B03CBB6AA4}
	EndGlobalSection
EndGlobal
